Microsoft Visual Studio Solution File, Format Version 12.00
# Visual Studio 2012
Project("{FAE04EC0-301F-11D3-BF4B-00C04F79EFBC}") = "DevConsole", "DevConsole.csproj", "{FBEF4CA0-623B-4958-ADF9-6443DECA6D4A}"
EndProject
Global
	GlobalSection(SolutionConfigurationPlatforms) = preSolution
	Debug|Any CPU = Debug|Any CPU
	ExportDebug|Any CPU = ExportDebug|Any CPU
	ExportRelease|Any CPU = ExportRelease|Any CPU
	EndGlobalSection
	GlobalSection(ProjectConfigurationPlatforms) = postSolution
		{FBEF4CA0-623B-4958-ADF9-6443DECA6D4A}.Debug|Any CPU.ActiveCfg = Debug|Any CPU
		{FBEF4CA0-623B-4958-ADF9-6443DECA6D4A}.Debug|Any CPU.Build.0 = Debug|Any CPU
		{FBEF4CA0-623B-4958-ADF9-6443DECA6D4A}.ExportDebug|Any CPU.ActiveCfg = ExportDebug|Any CPU
		{FBEF4CA0-623B-4958-ADF9-6443DECA6D4A}.ExportDebug|Any CPU.Build.0 = ExportDebug|Any CPU
		{FBEF4CA0-623B-4958-ADF9-6443DECA6D4A}.ExportRelease|Any CPU.ActiveCfg = ExportRelease|Any CPU
		{FBEF4CA0-623B-4958-ADF9-6443DECA6D4A}.ExportRelease|Any CPU.Build.0 = ExportRelease|Any CPU
	EndGlobalSection
EndGlobal
